
Microsoft Visual Studio Solution File, Format Version 9.00
# Visual Studio 2005
Project("{8BC9CEB8-8B4A-11D0-8D11-00A0C91BC942}") = "App", "Client\App\App.vcproj", "{F6A50BC6-9F70-4186-A1FF-AA4806785EB9}"
EndProject
Project("{8BC9CEB8-8B4A-11D0-8D11-00A0C91BC942}") = "Network", "Client\Network\Network.vcproj", "{DFFF620C-831C-4E16-B5C4-3942A22D453B}"
EndProject
Project("{8BC9CEB8-8B4A-11D0-8D11-00A0C91BC942}") = "graphics3D", "Client\Rendering\g3d\graphics3D.vcproj", "{E928D86E-80C7-476A-80C8-B3611300207A}"
EndProject
Project("{8BC9CEB8-8B4A-11D0-8D11-00A0C91BC942}") = "GLG3D", "Client\Rendering\g3d\GLG3D.vcproj", "{A75B0993-B58E-42C2-AA1E-A7F91B39C96B}"
EndProject
Project("{8BC9CEB8-8B4A-11D0-8D11-00A0C91BC942}") = "RbxView", "Client\RbxView\RbxView.vcproj", "{60FCFF66-2A36-4BF5-B728-7E4ABC71F540}"
EndProject
Project("{8BC9CEB8-8B4A-11D0-8D11-00A0C91BC942}") = "AppDraw", "Client\Rendering\AppDraw\AppDraw.vcproj", "{B28C1238-6941-4DCB-8494-EF5D80977422}"
EndProject
Project("{8BC9CEB8-8B4A-11D0-8D11-00A0C91BC942}") = "RenderLib", "Client\Rendering\RenderLib\RenderLib.vcproj", "{84D6ED03-454B-4D00-9C67-C6ED72BD735D}"
EndProject
Project("{8BC9CEB8-8B4A-11D0-8D11-00A0C91BC942}") = "RbxGraphics", "Client\RbxGraphics\RbxGraphics.vcproj", "{22AD3A99-6BCA-4DDE-BB6F-F13B7F329DAC}"
EndProject
Project("{8BC9CEB8-8B4A-11D0-8D11-00A0C91BC942}") = "WebService", "RBXGS\WebService\WebService.vcproj", "{64E80713-F81F-434A-9458-B9787771E067}"
EndProject
Global
	GlobalSection(SolutionConfigurationPlatforms) = preSolution
		Debug|Win32 = Debug|Win32
		Release|Win32 = Release|Win32
		ReleaseAssert|Win32 = ReleaseAssert|Win32
		ReleaseAssertDLL|Win32 = ReleaseAssertDLL|Win32
	EndGlobalSection
	GlobalSection(ProjectConfigurationPlatforms) = postSolution
		{F6A50BC6-9F70-4186-A1FF-AA4806785EB9}.Debug|Win32.ActiveCfg = Debug|Win32
		{F6A50BC6-9F70-4186-A1FF-AA4806785EB9}.Debug|Win32.Build.0 = Debug|Win32
		{F6A50BC6-9F70-4186-A1FF-AA4806785EB9}.Release|Win32.ActiveCfg = Release|Win32
		{F6A50BC6-9F70-4186-A1FF-AA4806785EB9}.Release|Win32.Build.0 = Release|Win32
		{F6A50BC6-9F70-4186-A1FF-AA4806785EB9}.ReleaseAssert|Win32.ActiveCfg = ReleaseAssert|Win32
		{F6A50BC6-9F70-4186-A1FF-AA4806785EB9}.ReleaseAssert|Win32.Build.0 = ReleaseAssert|Win32
		{F6A50BC6-9F70-4186-A1FF-AA4806785EB9}.ReleaseAssertDLL|Win32.ActiveCfg = ReleaseAssertDLL|Win32
		{F6A50BC6-9F70-4186-A1FF-AA4806785EB9}.ReleaseAssertDLL|Win32.Build.0 = ReleaseAssertDLL|Win32
		{DFFF620C-831C-4E16-B5C4-3942A22D453B}.Debug|Win32.ActiveCfg = Debug|Win32
		{DFFF620C-831C-4E16-B5C4-3942A22D453B}.Debug|Win32.Build.0 = Debug|Win32
		{DFFF620C-831C-4E16-B5C4-3942A22D453B}.Release|Win32.ActiveCfg = Release|Win32
		{DFFF620C-831C-4E16-B5C4-3942A22D453B}.Release|Win32.Build.0 = Release|Win32
		{DFFF620C-831C-4E16-B5C4-3942A22D453B}.ReleaseAssert|Win32.ActiveCfg = ReleaseAssert|Win32
		{DFFF620C-831C-4E16-B5C4-3942A22D453B}.ReleaseAssert|Win32.Build.0 = ReleaseAssert|Win32
		{DFFF620C-831C-4E16-B5C4-3942A22D453B}.ReleaseAssertDLL|Win32.ActiveCfg = ReleaseAssert|Win32
		{DFFF620C-831C-4E16-B5C4-3942A22D453B}.ReleaseAssertDLL|Win32.Build.0 = ReleaseAssert|Win32
		{E928D86E-80C7-476A-80C8-B3611300207A}.Debug|Win32.ActiveCfg = Debug|Win32
		{E928D86E-80C7-476A-80C8-B3611300207A}.Debug|Win32.Build.0 = Debug|Win32
		{E928D86E-80C7-476A-80C8-B3611300207A}.Release|Win32.ActiveCfg = Release|Win32
		{E928D86E-80C7-476A-80C8-B3611300207A}.Release|Win32.Build.0 = Release|Win32
		{E928D86E-80C7-476A-80C8-B3611300207A}.ReleaseAssert|Win32.ActiveCfg = Release|Win32
		{E928D86E-80C7-476A-80C8-B3611300207A}.ReleaseAssert|Win32.Build.0 = Release|Win32
		{E928D86E-80C7-476A-80C8-B3611300207A}.ReleaseAssertDLL|Win32.ActiveCfg = Release|Win32
		{E928D86E-80C7-476A-80C8-B3611300207A}.ReleaseAssertDLL|Win32.Build.0 = Release|Win32
		{A75B0993-B58E-42C2-AA1E-A7F91B39C96B}.Debug|Win32.ActiveCfg = Debug|Win32
		{A75B0993-B58E-42C2-AA1E-A7F91B39C96B}.Debug|Win32.Build.0 = Debug|Win32
		{A75B0993-B58E-42C2-AA1E-A7F91B39C96B}.Release|Win32.ActiveCfg = Release|Win32
		{A75B0993-B58E-42C2-AA1E-A7F91B39C96B}.Release|Win32.Build.0 = Release|Win32
		{A75B0993-B58E-42C2-AA1E-A7F91B39C96B}.ReleaseAssert|Win32.ActiveCfg = Release|Win32
		{A75B0993-B58E-42C2-AA1E-A7F91B39C96B}.ReleaseAssert|Win32.Build.0 = Release|Win32
		{A75B0993-B58E-42C2-AA1E-A7F91B39C96B}.ReleaseAssertDLL|Win32.ActiveCfg = Release|Win32
		{A75B0993-B58E-42C2-AA1E-A7F91B39C96B}.ReleaseAssertDLL|Win32.Build.0 = Release|Win32
		{60FCFF66-2A36-4BF5-B728-7E4ABC71F540}.Debug|Win32.ActiveCfg = Debug|Win32
		{60FCFF66-2A36-4BF5-B728-7E4ABC71F540}.Debug|Win32.Build.0 = Debug|Win32
		{60FCFF66-2A36-4BF5-B728-7E4ABC71F540}.Release|Win32.ActiveCfg = Release|Win32
		{60FCFF66-2A36-4BF5-B728-7E4ABC71F540}.Release|Win32.Build.0 = Release|Win32
		{60FCFF66-2A36-4BF5-B728-7E4ABC71F540}.ReleaseAssert|Win32.ActiveCfg = Release|Win32
		{60FCFF66-2A36-4BF5-B728-7E4ABC71F540}.ReleaseAssert|Win32.Build.0 = Release|Win32
		{60FCFF66-2A36-4BF5-B728-7E4ABC71F540}.ReleaseAssertDLL|Win32.ActiveCfg = Release|Win32
		{60FCFF66-2A36-4BF5-B728-7E4ABC71F540}.ReleaseAssertDLL|Win32.Build.0 = Release|Win32
		{B28C1238-6941-4DCB-8494-EF5D80977422}.Debug|Win32.ActiveCfg = Debug|Win32
		{B28C1238-6941-4DCB-8494-EF5D80977422}.Debug|Win32.Build.0 = Debug|Win32
		{B28C1238-6941-4DCB-8494-EF5D80977422}.Release|Win32.ActiveCfg = Release|Win32
		{B28C1238-6941-4DCB-8494-EF5D80977422}.Release|Win32.Build.0 = Release|Win32
		{B28C1238-6941-4DCB-8494-EF5D80977422}.ReleaseAssert|Win32.ActiveCfg = Release|Win32
		{B28C1238-6941-4DCB-8494-EF5D80977422}.ReleaseAssert|Win32.Build.0 = Release|Win32
		{B28C1238-6941-4DCB-8494-EF5D80977422}.ReleaseAssertDLL|Win32.ActiveCfg = Release|Win32
		{B28C1238-6941-4DCB-8494-EF5D80977422}.ReleaseAssertDLL|Win32.Build.0 = Release|Win32
		{84D6ED03-454B-4D00-9C67-C6ED72BD735D}.Debug|Win32.ActiveCfg = Debug|Win32
		{84D6ED03-454B-4D00-9C67-C6ED72BD735D}.Debug|Win32.Build.0 = Debug|Win32
		{84D6ED03-454B-4D00-9C67-C6ED72BD735D}.Release|Win32.ActiveCfg = Release|Win32
		{84D6ED03-454B-4D00-9C67-C6ED72BD735D}.Release|Win32.Build.0 = Release|Win32
		{84D6ED03-454B-4D00-9C67-C6ED72BD735D}.ReleaseAssert|Win32.ActiveCfg = Release|Win32
		{84D6ED03-454B-4D00-9C67-C6ED72BD735D}.ReleaseAssert|Win32.Build.0 = Release|Win32
		{84D6ED03-454B-4D00-9C67-C6ED72BD735D}.ReleaseAssertDLL|Win32.ActiveCfg = Release|Win32
		{84D6ED03-454B-4D00-9C67-C6ED72BD735D}.ReleaseAssertDLL|Win32.Build.0 = Release|Win32
		{22AD3A99-6BCA-4DDE-BB6F-F13B7F329DAC}.Debug|Win32.ActiveCfg = Debug|Win32
		{22AD3A99-6BCA-4DDE-BB6F-F13B7F329DAC}.Debug|Win32.Build.0 = Debug|Win32
		{22AD3A99-6BCA-4DDE-BB6F-F13B7F329DAC}.Release|Win32.ActiveCfg = Release|Win32
		{22AD3A99-6BCA-4DDE-BB6F-F13B7F329DAC}.Release|Win32.Build.0 = Release|Win32
		{22AD3A99-6BCA-4DDE-BB6F-F13B7F329DAC}.ReleaseAssert|Win32.ActiveCfg = Release|Win32
		{22AD3A99-6BCA-4DDE-BB6F-F13B7F329DAC}.ReleaseAssert|Win32.Build.0 = Release|Win32
		{22AD3A99-6BCA-4DDE-BB6F-F13B7F329DAC}.ReleaseAssertDLL|Win32.ActiveCfg = Release|Win32
		{22AD3A99-6BCA-4DDE-BB6F-F13B7F329DAC}.ReleaseAssertDLL|Win32.Build.0 = Release|Win32
		{64E80713-F81F-434A-9458-B9787771E067}.Debug|Win32.ActiveCfg = Debug|Win32
		{64E80713-F81F-434A-9458-B9787771E067}.Debug|Win32.Build.0 = Debug|Win32
		{64E80713-F81F-434A-9458-B9787771E067}.Release|Win32.ActiveCfg = Release|Win32
		{64E80713-F81F-434A-9458-B9787771E067}.Release|Win32.Build.0 = Release|Win32
		{64E80713-F81F-434A-9458-B9787771E067}.ReleaseAssert|Win32.ActiveCfg = Release|Win32
		{64E80713-F81F-434A-9458-B9787771E067}.ReleaseAssert|Win32.Build.0 = Release|Win32
		{64E80713-F81F-434A-9458-B9787771E067}.ReleaseAssertDLL|Win32.ActiveCfg = Release|Win32
		{64E80713-F81F-434A-9458-B9787771E067}.ReleaseAssertDLL|Win32.Build.0 = Release|Win32
	EndGlobalSection
	GlobalSection(SolutionProperties) = preSolution
		HideSolutionNode = FALSE
	EndGlobalSection
EndGlobal
